
Microsoft Visual Studio Solution File, Format Version 12.00
# Visual Studio Version 16
VisualStudioVersion = 16.0.30907.101
MinimumVisualStudioVersion = 10.0.40219.1
Project("{FAE04EC0-301F-11D3-BF4B-00C04F79EFBC}") = "AdventureGame", "AdventureGame\AdventureGame.csproj", "{2DA22674-092E-412B-AA9E-FBD953DF9F28}"
EndProject
Global
	GlobalSection(SolutionConfigurationPlatforms) = preSolution
		Debug|Any CPU = Debug|Any CPU
		Release|Any CPU = Release|Any CPU
	EndGlobalSection
	GlobalSection(ProjectConfigurationPlatforms) = postSolution
		{2DA22674-092E-412B-AA9E-FBD953DF9F28}.Debug|Any CPU.ActiveCfg = Debug|Any CPU
		{2DA22674-092E-412B-AA9E-FBD953DF9F28}.Debug|Any CPU.Build.0 = Debug|Any CPU
		{2DA22674-092E-412B-AA9E-FBD953DF9F28}.Release|Any CPU.ActiveCfg = Release|Any CPU
		{2DA22674-092E-412B-AA9E-FBD953DF9F28}.Release|Any CPU.Build.0 = Release|Any CPU
	EndGlobalSection
	GlobalSection(SolutionProperties) = preSolution
		HideSolutionNode = FALSE
	EndGlobalSection
	GlobalSection(ExtensibilityGlobals) = postSolution
		SolutionGuid = {509E2AAB-55A4-4544-BB10-8EA92A26D793}
	EndGlobalSection
EndGlobal
